
Microsoft Visual Studio Solution File, Format Version 12.00
# Visual Studio Version 16
VisualStudioVersion = 16.0.30523.141
MinimumVisualStudioVersion = 10.0.40219.1
Project("{8BC9CEB8-8B4A-11D0-8D11-00A0C91BC942}") = "lab3.1", "lab3.1\lab3.1.vcxproj", "{04ED5B96-97C7-4FF8-883B-A4D47305D922}"
EndProject
Global
	GlobalSection(SolutionConfigurationPlatforms) = preSolution
		Debug|x64 = Debug|x64
		Debug|x86 = Debug|x86
		Release|x64 = Release|x64
		Release|x86 = Release|x86
	EndGlobalSection
	GlobalSection(ProjectConfigurationPlatforms) = postSolution
		{04ED5B96-97C7-4FF8-883B-A4D47305D922}.Debug|x64.ActiveCfg = Debug|x64
		{04ED5B96-97C7-4FF8-883B-A4D47305D922}.Debug|x64.Build.0 = Debug|x64
		{04ED5B96-97C7-4FF8-883B-A4D47305D922}.Debug|x86.ActiveCfg = Debug|Win32
		{04ED5B96-97C7-4FF8-883B-A4D47305D922}.Debug|x86.Build.0 = Debug|Win32
		{04ED5B96-97C7-4FF8-883B-A4D47305D922}.Release|x64.ActiveCfg = Release|x64
		{04ED5B96-97C7-4FF8-883B-A4D47305D922}.Release|x64.Build.0 = Release|x64
		{04ED5B96-97C7-4FF8-883B-A4D47305D922}.Release|x86.ActiveCfg = Release|Win32
		{04ED5B96-97C7-4FF8-883B-A4D47305D922}.Release|x86.Build.0 = Release|Win32
	EndGlobalSection
	GlobalSection(SolutionProperties) = preSolution
		HideSolutionNode = FALSE
	EndGlobalSection
	GlobalSection(ExtensibilityGlobals) = postSolution
		SolutionGuid = {B55C22DC-94A4-40CC-A74B-27474E1F5F65}
	EndGlobalSection
EndGlobal
